
Microsoft Visual Studio Solution File, Format Version 12.00
# Visual Studio Version 17
VisualStudioVersion = 17.11.35222.181
MinimumVisualStudioVersion = 10.0.40219.1
Project("{2150E333-8FDC-42A3-9474-1A3956D46DE8}") = "01-Domain", "01-Domain", "{3E00AE8F-66C8-4AC5-AB73-8C621150C29B}"
EndProject
Project("{2150E333-8FDC-42A3-9474-1A3956D46DE8}") = "02-Infrastracture", "02-Infrastracture", "{39E72BFF-32F7-4CB5-A6A1-B16911EA90B9}"
EndProject
Project("{2150E333-8FDC-42A3-9474-1A3956D46DE8}") = "03-Endpoint", "03-Endpoint", "{DF9226B1-2A37-4F08-ACF2-2C1AD5CC741C}"
EndProject
Project("{2150E333-8FDC-42A3-9474-1A3956D46DE8}") = "Core", "Core", "{ED58F3B8-7DC0-400A-97B6-29651A3E568E}"
EndProject
Project("{2150E333-8FDC-42A3-9474-1A3956D46DE8}") = "Service", "Service", "{D27C3F6A-F5F1-4C14-86C3-F67D96C0AEE8}"
EndProject
Project("{2150E333-8FDC-42A3-9474-1A3956D46DE8}") = "DataAccess", "DataAccess", "{AB9BBB50-0B94-4E79-8F1B-F6D3BFDC07C5}"
EndProject
Project("{2150E333-8FDC-42A3-9474-1A3956D46DE8}") = "DB", "DB", "{92DE8642-F1E9-4505-BFE6-B43B4CB92A9C}"
EndProject
Project("{FAE04EC0-301F-11D3-BF4B-00C04F79EFBC}") = "App.Domain.Core", "App.Domain.Core\App.Domain.Core.csproj", "{30837DC4-9547-4476-8FCC-2327C6041275}"
EndProject
Project("{FAE04EC0-301F-11D3-BF4B-00C04F79EFBC}") = "App.Domain.AppServices", "App.Domain.AppServices\App.Domain.AppServices.csproj", "{4063F608-7FF9-4725-AEDF-821B313428D5}"
EndProject
Project("{FAE04EC0-301F-11D3-BF4B-00C04F79EFBC}") = "App.Domain.Services", "App.Domain.Services\App.Domain.Services.csproj", "{693178C3-8DF6-4B06-B7BD-6C0C8AF4D37E}"
EndProject
Project("{FAE04EC0-301F-11D3-BF4B-00C04F79EFBC}") = "App.Infra.DataAccess.Repo", "App.Infra.DataAccess.Repo\App.Infra.DataAccess.Repo.csproj", "{A179E77E-7B56-4EC6-BD3E-1EF867231066}"
EndProject
Project("{FAE04EC0-301F-11D3-BF4B-00C04F79EFBC}") = "App.Infra.DB.SqlServer.EF", "App.Infra.DB.SqlServer.EF\App.Infra.DB.SqlServer.EF.csproj", "{90224BDB-88B7-4FF9-BB80-112C3CF9C740}"
EndProject
Project("{FAE04EC0-301F-11D3-BF4B-00C04F79EFBC}") = "Endpoint.mvc", "Endpoint.mvc\Endpoint.mvc.csproj", "{46DA4415-0227-4542-852D-75125A5C48E3}"
EndProject
Global
	GlobalSection(SolutionConfigurationPlatforms) = preSolution
		Debug|Any CPU = Debug|Any CPU
		Release|Any CPU = Release|Any CPU
	EndGlobalSection
	GlobalSection(ProjectConfigurationPlatforms) = postSolution
		{30837DC4-9547-4476-8FCC-2327C6041275}.Debug|Any CPU.ActiveCfg = Debug|Any CPU
		{30837DC4-9547-4476-8FCC-2327C6041275}.Debug|Any CPU.Build.0 = Debug|Any CPU
		{30837DC4-9547-4476-8FCC-2327C6041275}.Release|Any CPU.ActiveCfg = Release|Any CPU
		{30837DC4-9547-4476-8FCC-2327C6041275}.Release|Any CPU.Build.0 = Release|Any CPU
		{4063F608-7FF9-4725-AEDF-821B313428D5}.Debug|Any CPU.ActiveCfg = Debug|Any CPU
		{4063F608-7FF9-4725-AEDF-821B313428D5}.Debug|Any CPU.Build.0 = Debug|Any CPU
		{4063F608-7FF9-4725-AEDF-821B313428D5}.Release|Any CPU.ActiveCfg = Release|Any CPU
		{4063F608-7FF9-4725-AEDF-821B313428D5}.Release|Any CPU.Build.0 = Release|Any CPU
		{693178C3-8DF6-4B06-B7BD-6C0C8AF4D37E}.Debug|Any CPU.ActiveCfg = Debug|Any CPU
		{693178C3-8DF6-4B06-B7BD-6C0C8AF4D37E}.Debug|Any CPU.Build.0 = Debug|Any CPU
		{693178C3-8DF6-4B06-B7BD-6C0C8AF4D37E}.Release|Any CPU.ActiveCfg = Release|Any CPU
		{693178C3-8DF6-4B06-B7BD-6C0C8AF4D37E}.Release|Any CPU.Build.0 = Release|Any CPU
		{A179E77E-7B56-4EC6-BD3E-1EF867231066}.Debug|Any CPU.ActiveCfg = Debug|Any CPU
		{A179E77E-7B56-4EC6-BD3E-1EF867231066}.Debug|Any CPU.Build.0 = Debug|Any CPU
		{A179E77E-7B56-4EC6-BD3E-1EF867231066}.Release|Any CPU.ActiveCfg = Release|Any CPU
		{A179E77E-7B56-4EC6-BD3E-1EF867231066}.Release|Any CPU.Build.0 = Release|Any CPU
		{90224BDB-88B7-4FF9-BB80-112C3CF9C740}.Debug|Any CPU.ActiveCfg = Debug|Any CPU
		{90224BDB-88B7-4FF9-BB80-112C3CF9C740}.Debug|Any CPU.Build.0 = Debug|Any CPU
		{90224BDB-88B7-4FF9-BB80-112C3CF9C740}.Release|Any CPU.ActiveCfg = Release|Any CPU
		{90224BDB-88B7-4FF9-BB80-112C3CF9C740}.Release|Any CPU.Build.0 = Release|Any CPU
		{46DA4415-0227-4542-852D-75125A5C48E3}.Debug|Any CPU.ActiveCfg = Debug|Any CPU
		{46DA4415-0227-4542-852D-75125A5C48E3}.Debug|Any CPU.Build.0 = Debug|Any CPU
		{46DA4415-0227-4542-852D-75125A5C48E3}.Release|Any CPU.ActiveCfg = Release|Any CPU
		{46DA4415-0227-4542-852D-75125A5C48E3}.Release|Any CPU.Build.0 = Release|Any CPU
	EndGlobalSection
	GlobalSection(SolutionProperties) = preSolution
		HideSolutionNode = FALSE
	EndGlobalSection
	GlobalSection(NestedProjects) = preSolution
		{ED58F3B8-7DC0-400A-97B6-29651A3E568E} = {3E00AE8F-66C8-4AC5-AB73-8C621150C29B}
		{D27C3F6A-F5F1-4C14-86C3-F67D96C0AEE8} = {3E00AE8F-66C8-4AC5-AB73-8C621150C29B}
		{AB9BBB50-0B94-4E79-8F1B-F6D3BFDC07C5} = {39E72BFF-32F7-4CB5-A6A1-B16911EA90B9}
		{92DE8642-F1E9-4505-BFE6-B43B4CB92A9C} = {39E72BFF-32F7-4CB5-A6A1-B16911EA90B9}
		{30837DC4-9547-4476-8FCC-2327C6041275} = {ED58F3B8-7DC0-400A-97B6-29651A3E568E}
		{4063F608-7FF9-4725-AEDF-821B313428D5} = {D27C3F6A-F5F1-4C14-86C3-F67D96C0AEE8}
		{693178C3-8DF6-4B06-B7BD-6C0C8AF4D37E} = {D27C3F6A-F5F1-4C14-86C3-F67D96C0AEE8}
		{A179E77E-7B56-4EC6-BD3E-1EF867231066} = {AB9BBB50-0B94-4E79-8F1B-F6D3BFDC07C5}
		{90224BDB-88B7-4FF9-BB80-112C3CF9C740} = {92DE8642-F1E9-4505-BFE6-B43B4CB92A9C}
		{46DA4415-0227-4542-852D-75125A5C48E3} = {DF9226B1-2A37-4F08-ACF2-2C1AD5CC741C}
	EndGlobalSection
	GlobalSection(ExtensibilityGlobals) = postSolution
		SolutionGuid = {C06C6779-98EC-4826-BECD-631E4B624F9F}
	EndGlobalSection
EndGlobal
